
Microsoft Visual Studio Solution File, Format Version 12.00
# Visual Studio Version 16
VisualStudioVersion = 16.0.28714.193
MinimumVisualStudioVersion = 10.0.40219.1
Project("{9A19103F-16F7-4668-BE54-9A1E7A4F7556}") = "Nomina.Common", "Nomina.Common\Nomina.Common.csproj", "{879D0F96-E9D7-43B4-9F64-5E1C8809D5D6}"
EndProject
Project("{2150E333-8FDC-42A3-9474-1A3956D46DE8}") = "Backend", "Backend", "{D5767EB7-6C36-4E63-9C12-94BAD93E8357}"
EndProject
Project("{2150E333-8FDC-42A3-9474-1A3956D46DE8}") = "Frontend", "Frontend", "{EFDD8423-65A7-4454-9052-C5D44C73935A}"
EndProject
Project("{9A19103F-16F7-4668-BE54-9A1E7A4F7556}") = "Nomina.Web", "Nomina.Web\Nomina.Web.csproj", "{60425627-C37B-4D71-9C40-AB432F4DE458}"
EndProject
Project("{2150E333-8FDC-42A3-9474-1A3956D46DE8}") = "Forms", "Forms", "{A43018CA-5BFA-419A-B081-13BE53F42578}"
EndProject
Project("{2150E333-8FDC-42A3-9474-1A3956D46DE8}") = "Classic", "Classic", "{69BF087E-0C69-4536-996F-66718167D832}"
EndProject
Global
	GlobalSection(SolutionConfigurationPlatforms) = preSolution
		Debug|Any CPU = Debug|Any CPU
		Release|Any CPU = Release|Any CPU
	EndGlobalSection
	GlobalSection(ProjectConfigurationPlatforms) = postSolution
		{879D0F96-E9D7-43B4-9F64-5E1C8809D5D6}.Debug|Any CPU.ActiveCfg = Debug|Any CPU
		{879D0F96-E9D7-43B4-9F64-5E1C8809D5D6}.Debug|Any CPU.Build.0 = Debug|Any CPU
		{879D0F96-E9D7-43B4-9F64-5E1C8809D5D6}.Release|Any CPU.ActiveCfg = Release|Any CPU
		{879D0F96-E9D7-43B4-9F64-5E1C8809D5D6}.Release|Any CPU.Build.0 = Release|Any CPU
		{60425627-C37B-4D71-9C40-AB432F4DE458}.Debug|Any CPU.ActiveCfg = Debug|Any CPU
		{60425627-C37B-4D71-9C40-AB432F4DE458}.Debug|Any CPU.Build.0 = Debug|Any CPU
		{60425627-C37B-4D71-9C40-AB432F4DE458}.Release|Any CPU.ActiveCfg = Release|Any CPU
		{60425627-C37B-4D71-9C40-AB432F4DE458}.Release|Any CPU.Build.0 = Release|Any CPU
	EndGlobalSection
	GlobalSection(SolutionProperties) = preSolution
		HideSolutionNode = FALSE
	EndGlobalSection
	GlobalSection(NestedProjects) = preSolution
		{60425627-C37B-4D71-9C40-AB432F4DE458} = {D5767EB7-6C36-4E63-9C12-94BAD93E8357}
		{A43018CA-5BFA-419A-B081-13BE53F42578} = {EFDD8423-65A7-4454-9052-C5D44C73935A}
		{69BF087E-0C69-4536-996F-66718167D832} = {EFDD8423-65A7-4454-9052-C5D44C73935A}
	EndGlobalSection
	GlobalSection(ExtensibilityGlobals) = postSolution
		SolutionGuid = {AFAA830E-9D6F-4C66-ABD6-5C1AC56BBF23}
	EndGlobalSection
EndGlobal
