
Microsoft Visual Studio Solution File, Format Version 12.00
# Visual Studio Version 16
VisualStudioVersion = 16.0.28714.193
MinimumVisualStudioVersion = 10.0.40219.1
Project("{9A19103F-16F7-4668-BE54-9A1E7A4F7556}") = "Nomina.Common", "Nomina.Common\Nomina.Common.csproj", "{879D0F96-E9D7-43B4-9F64-5E1C8809D5D6}"
EndProject
Project("{2150E333-8FDC-42A3-9474-1A3956D46DE8}") = "1.Core", "1.Core", "{1D4C2955-7012-4CBB-9299-4674AE14207C}"
EndProject
Project("{2150E333-8FDC-42A3-9474-1A3956D46DE8}") = "2.ServicesInterfaces", "2.ServicesInterfaces", "{1241AAF3-09F4-40B0-B459-8747400D51D1}"
EndProject
Project("{2150E333-8FDC-42A3-9474-1A3956D46DE8}") = "3.Services", "3.Services", "{033C9293-B833-44D2-8DB7-310C55552132}"
EndProject
Project("{2150E333-8FDC-42A3-9474-1A3956D46DE8}") = "4.Infraestructure", "4.Infraestructure", "{B3076F4A-996C-4527-9E0D-A37B07A40CB2}"
EndProject
Project("{9A19103F-16F7-4668-BE54-9A1E7A4F7556}") = "Nomina.Core", "Nomina.Core\Nomina.Core.csproj", "{8BB0FE78-AC34-45B9-8582-68A06023DD41}"
EndProject
Project("{9A19103F-16F7-4668-BE54-9A1E7A4F7556}") = "Nomina.Services", "Nomina.Services\Nomina.Services.csproj", "{D88D0D3B-4760-4A90-8EF4-9B174689F3F3}"
EndProject
Project("{9A19103F-16F7-4668-BE54-9A1E7A4F7556}") = "Nomina.ServicesInterfaces", "Nomina.ServicesInterfaces\Nomina.ServicesInterfaces.csproj", "{2C0B6AB7-3E54-4E2E-A860-D0F943DD5B84}"
EndProject
Project("{9A19103F-16F7-4668-BE54-9A1E7A4F7556}") = "Nomina.API", "Nomina.API\Nomina.API.csproj", "{E4755DF1-B20E-47C2-A4B0-F2E557D56831}"
EndProject
Project("{9A19103F-16F7-4668-BE54-9A1E7A4F7556}") = "Nomina.Infrastructure", "Nomina.Infraestructure\Nomina.Infrastructure.csproj", "{11BF192A-1B28-4BF6-8D56-0492F163A274}"
EndProject
Global
	GlobalSection(SolutionConfigurationPlatforms) = preSolution
		Debug|Any CPU = Debug|Any CPU
		Release|Any CPU = Release|Any CPU
	EndGlobalSection
	GlobalSection(ProjectConfigurationPlatforms) = postSolution
		{879D0F96-E9D7-43B4-9F64-5E1C8809D5D6}.Debug|Any CPU.ActiveCfg = Debug|Any CPU
		{879D0F96-E9D7-43B4-9F64-5E1C8809D5D6}.Debug|Any CPU.Build.0 = Debug|Any CPU
		{879D0F96-E9D7-43B4-9F64-5E1C8809D5D6}.Release|Any CPU.ActiveCfg = Release|Any CPU
		{879D0F96-E9D7-43B4-9F64-5E1C8809D5D6}.Release|Any CPU.Build.0 = Release|Any CPU
		{8BB0FE78-AC34-45B9-8582-68A06023DD41}.Debug|Any CPU.ActiveCfg = Debug|Any CPU
		{8BB0FE78-AC34-45B9-8582-68A06023DD41}.Debug|Any CPU.Build.0 = Debug|Any CPU
		{8BB0FE78-AC34-45B9-8582-68A06023DD41}.Release|Any CPU.ActiveCfg = Release|Any CPU
		{8BB0FE78-AC34-45B9-8582-68A06023DD41}.Release|Any CPU.Build.0 = Release|Any CPU
		{D88D0D3B-4760-4A90-8EF4-9B174689F3F3}.Debug|Any CPU.ActiveCfg = Debug|Any CPU
		{D88D0D3B-4760-4A90-8EF4-9B174689F3F3}.Debug|Any CPU.Build.0 = Debug|Any CPU
		{D88D0D3B-4760-4A90-8EF4-9B174689F3F3}.Release|Any CPU.ActiveCfg = Release|Any CPU
		{D88D0D3B-4760-4A90-8EF4-9B174689F3F3}.Release|Any CPU.Build.0 = Release|Any CPU
		{2C0B6AB7-3E54-4E2E-A860-D0F943DD5B84}.Debug|Any CPU.ActiveCfg = Debug|Any CPU
		{2C0B6AB7-3E54-4E2E-A860-D0F943DD5B84}.Debug|Any CPU.Build.0 = Debug|Any CPU
		{2C0B6AB7-3E54-4E2E-A860-D0F943DD5B84}.Release|Any CPU.ActiveCfg = Release|Any CPU
		{2C0B6AB7-3E54-4E2E-A860-D0F943DD5B84}.Release|Any CPU.Build.0 = Release|Any CPU
		{E4755DF1-B20E-47C2-A4B0-F2E557D56831}.Debug|Any CPU.ActiveCfg = Debug|Any CPU
		{E4755DF1-B20E-47C2-A4B0-F2E557D56831}.Debug|Any CPU.Build.0 = Debug|Any CPU
		{E4755DF1-B20E-47C2-A4B0-F2E557D56831}.Release|Any CPU.ActiveCfg = Release|Any CPU
		{E4755DF1-B20E-47C2-A4B0-F2E557D56831}.Release|Any CPU.Build.0 = Release|Any CPU
		{11BF192A-1B28-4BF6-8D56-0492F163A274}.Debug|Any CPU.ActiveCfg = Debug|Any CPU
		{11BF192A-1B28-4BF6-8D56-0492F163A274}.Debug|Any CPU.Build.0 = Debug|Any CPU
		{11BF192A-1B28-4BF6-8D56-0492F163A274}.Release|Any CPU.ActiveCfg = Release|Any CPU
		{11BF192A-1B28-4BF6-8D56-0492F163A274}.Release|Any CPU.Build.0 = Release|Any CPU
	EndGlobalSection
	GlobalSection(SolutionProperties) = preSolution
		HideSolutionNode = FALSE
	EndGlobalSection
	GlobalSection(NestedProjects) = preSolution
		{8BB0FE78-AC34-45B9-8582-68A06023DD41} = {1D4C2955-7012-4CBB-9299-4674AE14207C}
		{D88D0D3B-4760-4A90-8EF4-9B174689F3F3} = {033C9293-B833-44D2-8DB7-310C55552132}
		{2C0B6AB7-3E54-4E2E-A860-D0F943DD5B84} = {1241AAF3-09F4-40B0-B459-8747400D51D1}
		{11BF192A-1B28-4BF6-8D56-0492F163A274} = {B3076F4A-996C-4527-9E0D-A37B07A40CB2}
	EndGlobalSection
	GlobalSection(ExtensibilityGlobals) = postSolution
		SolutionGuid = {AFAA830E-9D6F-4C66-ABD6-5C1AC56BBF23}
	EndGlobalSection
EndGlobal
