
Microsoft Visual Studio Solution File, Format Version 12.00
# Visual Studio Version 16
VisualStudioVersion = 16.0.28714.193
MinimumVisualStudioVersion = 10.0.40219.1
Project("{2150E333-8FDC-42A3-9474-1A3956D46DE8}") = "Models", "Models", "{695B3FAE-1DCB-4AD4-B4B4-B0B4E08193FA}"
EndProject
Project("{9A19103F-16F7-4668-BE54-9A1E7A4F7556}") = "Payroll.Models", "PayrollEntities\Payroll.Models.csproj", "{29C8D472-1A75-4B7B-9217-8D60DFE3AFC8}"
EndProject
Project("{2150E333-8FDC-42A3-9474-1A3956D46DE8}") = "Infrastructure", "Infrastructure", "{C0473A63-A8F5-4E04-8908-4945AD337D2D}"
EndProject
Project("{9A19103F-16F7-4668-BE54-9A1E7A4F7556}") = "Payroll.Infrastructure", "Payroll.Infrastructure\Payroll.Infrastructure.csproj", "{4CDCA5AB-AD6E-4DEF-9A0C-EB8598E17A0A}"
EndProject
Project("{9A19103F-16F7-4668-BE54-9A1E7A4F7556}") = "Threenine.Data", "..\..\..\Usuarios\JJLOAIZA\Downloads\Threenine.Data-master\src\Threenine.Data.csproj", "{9002E6A2-5C1F-46A3-800D-B5AEE53B8513}"
EndProject
Project("{2150E333-8FDC-42A3-9474-1A3956D46DE8}") = "DomainServices", "DomainServices", "{33529B23-46DD-4177-81F8-D09B8FE1B914}"
EndProject
Project("{9A19103F-16F7-4668-BE54-9A1E7A4F7556}") = "Payroll.Domain", "Payroll.Service\Payroll.Domain.csproj", "{1EA6C13E-0364-4AA1-BABE-55646C4AB71A}"
EndProject
Project("{9A19103F-16F7-4668-BE54-9A1E7A4F7556}") = "Payroll.API", "Payroll.API\Payroll.API.csproj", "{4C72ABD7-5A05-4AEE-8772-1C77B5487E7A}"
EndProject
Global
	GlobalSection(SolutionConfigurationPlatforms) = preSolution
		Debug|Any CPU = Debug|Any CPU
		Release|Any CPU = Release|Any CPU
	EndGlobalSection
	GlobalSection(ProjectConfigurationPlatforms) = postSolution
		{29C8D472-1A75-4B7B-9217-8D60DFE3AFC8}.Debug|Any CPU.ActiveCfg = Debug|Any CPU
		{29C8D472-1A75-4B7B-9217-8D60DFE3AFC8}.Debug|Any CPU.Build.0 = Debug|Any CPU
		{29C8D472-1A75-4B7B-9217-8D60DFE3AFC8}.Release|Any CPU.ActiveCfg = Release|Any CPU
		{29C8D472-1A75-4B7B-9217-8D60DFE3AFC8}.Release|Any CPU.Build.0 = Release|Any CPU
		{4CDCA5AB-AD6E-4DEF-9A0C-EB8598E17A0A}.Debug|Any CPU.ActiveCfg = Debug|Any CPU
		{4CDCA5AB-AD6E-4DEF-9A0C-EB8598E17A0A}.Debug|Any CPU.Build.0 = Debug|Any CPU
		{4CDCA5AB-AD6E-4DEF-9A0C-EB8598E17A0A}.Release|Any CPU.ActiveCfg = Release|Any CPU
		{4CDCA5AB-AD6E-4DEF-9A0C-EB8598E17A0A}.Release|Any CPU.Build.0 = Release|Any CPU
		{9002E6A2-5C1F-46A3-800D-B5AEE53B8513}.Debug|Any CPU.ActiveCfg = Debug|Any CPU
		{9002E6A2-5C1F-46A3-800D-B5AEE53B8513}.Debug|Any CPU.Build.0 = Debug|Any CPU
		{9002E6A2-5C1F-46A3-800D-B5AEE53B8513}.Release|Any CPU.ActiveCfg = Release|Any CPU
		{9002E6A2-5C1F-46A3-800D-B5AEE53B8513}.Release|Any CPU.Build.0 = Release|Any CPU
		{1EA6C13E-0364-4AA1-BABE-55646C4AB71A}.Debug|Any CPU.ActiveCfg = Debug|Any CPU
		{1EA6C13E-0364-4AA1-BABE-55646C4AB71A}.Debug|Any CPU.Build.0 = Debug|Any CPU
		{1EA6C13E-0364-4AA1-BABE-55646C4AB71A}.Release|Any CPU.ActiveCfg = Release|Any CPU
		{1EA6C13E-0364-4AA1-BABE-55646C4AB71A}.Release|Any CPU.Build.0 = Release|Any CPU
		{4C72ABD7-5A05-4AEE-8772-1C77B5487E7A}.Debug|Any CPU.ActiveCfg = Debug|Any CPU
		{4C72ABD7-5A05-4AEE-8772-1C77B5487E7A}.Debug|Any CPU.Build.0 = Debug|Any CPU
		{4C72ABD7-5A05-4AEE-8772-1C77B5487E7A}.Release|Any CPU.ActiveCfg = Release|Any CPU
		{4C72ABD7-5A05-4AEE-8772-1C77B5487E7A}.Release|Any CPU.Build.0 = Release|Any CPU
	EndGlobalSection
	GlobalSection(SolutionProperties) = preSolution
		HideSolutionNode = FALSE
	EndGlobalSection
	GlobalSection(NestedProjects) = preSolution
		{29C8D472-1A75-4B7B-9217-8D60DFE3AFC8} = {695B3FAE-1DCB-4AD4-B4B4-B0B4E08193FA}
		{4CDCA5AB-AD6E-4DEF-9A0C-EB8598E17A0A} = {C0473A63-A8F5-4E04-8908-4945AD337D2D}
		{9002E6A2-5C1F-46A3-800D-B5AEE53B8513} = {C0473A63-A8F5-4E04-8908-4945AD337D2D}
		{1EA6C13E-0364-4AA1-BABE-55646C4AB71A} = {33529B23-46DD-4177-81F8-D09B8FE1B914}
	EndGlobalSection
	GlobalSection(ExtensibilityGlobals) = postSolution
		SolutionGuid = {AFAA830E-9D6F-4C66-ABD6-5C1AC56BBF23}
	EndGlobalSection
EndGlobal
